
Microsoft Visual Studio Solution File, Format Version 11.00
# Visual Studio 2010
Project("{FAE04EC0-301F-11D3-BF4B-00C04F79EFBC}") = "UnityEngine.TestRunner", "UnityEngine.TestRunner.csproj", "{c27f14c7-2927-a7a6-52f2-af60030a115d}"
EndProject
Project("{FAE04EC0-301F-11D3-BF4B-00C04F79EFBC}") = "Unity.Mathematics", "Unity.Mathematics.csproj", "{4043ad25-8cea-3277-3c94-7eab941192f7}"
EndProject
Project("{FAE04EC0-301F-11D3-BF4B-00C04F79EFBC}") = "Unity.2D.Animation.Triangle.Runtime", "Unity.2D.Animation.Triangle.Runtime.csproj", "{2f597728-4e36-0fbe-7cbc-64279beb4280}"
EndProject
Project("{FAE04EC0-301F-11D3-BF4B-00C04F79EFBC}") = "Unity.Timeline", "Unity.Timeline.csproj", "{9f2270e8-7e15-331f-ffbd-c9f7afb38616}"
EndProject
Project("{FAE04EC0-301F-11D3-BF4B-00C04F79EFBC}") = "UnityEngine.UI", "UnityEngine.UI.csproj", "{082c86d6-1197-8d0d-1e6a-7a77955b145a}"
EndProject
Project("{FAE04EC0-301F-11D3-BF4B-00C04F79EFBC}") = "Unity.TextMeshPro", "Unity.TextMeshPro.csproj", "{cc8c92f4-609b-9d18-14cf-8a4ca8a5d626}"
EndProject
Project("{FAE04EC0-301F-11D3-BF4B-00C04F79EFBC}") = "Unity.2D.Animation.Runtime", "Unity.2D.Animation.Runtime.csproj", "{43c405d4-acf1-4d51-fd55-c3bdca1f62f2}"
EndProject
Project("{FAE04EC0-301F-11D3-BF4B-00C04F79EFBC}") = "Unity.2D.IK.Runtime", "Unity.2D.IK.Runtime.csproj", "{76fb8657-d36e-2058-8e7d-2db6d4d4b8bd}"
EndProject
Project("{FAE04EC0-301F-11D3-BF4B-00C04F79EFBC}") = "Unity.2D.SpriteShape.Runtime", "Unity.2D.SpriteShape.Runtime.csproj", "{8083402a-beb4-14be-67e8-4aa240a300ce}"
EndProject
Project("{FAE04EC0-301F-11D3-BF4B-00C04F79EFBC}") = "Unity.2D.PixelPerfect", "Unity.2D.PixelPerfect.csproj", "{6c660c3d-d918-1435-b3b9-65766bbe08e2}"
EndProject
Project("{FAE04EC0-301F-11D3-BF4B-00C04F79EFBC}") = "Unity.2D.Common.Runtime", "Unity.2D.Common.Runtime.csproj", "{67c02e0f-f2df-cbb8-edeb-bde941094aef}"
EndProject
Project("{FAE04EC0-301F-11D3-BF4B-00C04F79EFBC}") = "Unity.InternalAPIEngineBridge.001", "Unity.InternalAPIEngineBridge.001.csproj", "{af9f00f4-f4d8-d2bb-b121-a6c833ee145f}"
EndProject
Project("{FAE04EC0-301F-11D3-BF4B-00C04F79EFBC}") = "UnityEditor.TestRunner", "UnityEditor.TestRunner.csproj", "{944b9c73-1d13-33c0-1729-9c564365c4e4}"
EndProject
Project("{FAE04EC0-301F-11D3-BF4B-00C04F79EFBC}") = "Unity.PlasticSCM.Editor", "Unity.PlasticSCM.Editor.csproj", "{d334e4cd-a837-7f71-0a6b-7491b9c64e2c}"
EndProject
Project("{FAE04EC0-301F-11D3-BF4B-00C04F79EFBC}") = "UnityEditor.UI", "UnityEditor.UI.csproj", "{5d0bdcac-eb58-77f3-268e-dd4566d28144}"
EndProject
Project("{FAE04EC0-301F-11D3-BF4B-00C04F79EFBC}") = "Unity.Services.Core.Editor", "Unity.Services.Core.Editor.csproj", "{aca6be9a-9fb5-4963-0aa1-770e05808f79}"
EndProject
Project("{FAE04EC0-301F-11D3-BF4B-00C04F79EFBC}") = "Unity.Timeline.Editor", "Unity.Timeline.Editor.csproj", "{b368e53e-5d06-9b3b-3a10-03fb519314de}"
EndProject
Project("{FAE04EC0-301F-11D3-BF4B-00C04F79EFBC}") = "Unity.VisualStudio.Editor", "Unity.VisualStudio.Editor.csproj", "{e5b9ccfc-2772-67f8-337c-afb016f6266d}"
EndProject
Project("{FAE04EC0-301F-11D3-BF4B-00C04F79EFBC}") = "Unity.2D.Psdimporter.Editor", "Unity.2D.Psdimporter.Editor.csproj", "{353e8572-e8ed-fea3-4937-c66031a69bbe}"
EndProject
Project("{FAE04EC0-301F-11D3-BF4B-00C04F79EFBC}") = "Unity.2D.Animation.Editor", "Unity.2D.Animation.Editor.csproj", "{5304a41d-9383-d220-cee1-48e8c7c4ba4c}"
EndProject
Project("{FAE04EC0-301F-11D3-BF4B-00C04F79EFBC}") = "Unity.TextMeshPro.Editor", "Unity.TextMeshPro.Editor.csproj", "{6875964b-4153-56cd-a7dd-2b4bb539cb73}"
EndProject
Project("{FAE04EC0-301F-11D3-BF4B-00C04F79EFBC}") = "Unity.2D.SpriteShape.Editor", "Unity.2D.SpriteShape.Editor.csproj", "{e689c2cb-83f8-c91a-40f0-21dc2926c452}"
EndProject
Project("{FAE04EC0-301F-11D3-BF4B-00C04F79EFBC}") = "Unity.CollabProxy.Editor", "Unity.CollabProxy.Editor.csproj", "{b19a3853-638e-6b3f-118a-619b91233c7f}"
EndProject
Project("{FAE04EC0-301F-11D3-BF4B-00C04F79EFBC}") = "PsdPlugin", "PsdPlugin.csproj", "{29de654f-00a7-9593-e55f-803e19bafb8a}"
EndProject
Project("{FAE04EC0-301F-11D3-BF4B-00C04F79EFBC}") = "Unity.2D.Path.Editor", "Unity.2D.Path.Editor.csproj", "{59c249cb-8576-06ae-52b0-0cc47a2e5bf4}"
EndProject
Project("{FAE04EC0-301F-11D3-BF4B-00C04F79EFBC}") = "Unity.Rider.Editor", "Unity.Rider.Editor.csproj", "{caed0ea4-ec26-c3c8-fe0d-d73820a3eb1b}"
EndProject
Project("{FAE04EC0-301F-11D3-BF4B-00C04F79EFBC}") = "Unity.2D.IK.Editor", "Unity.2D.IK.Editor.csproj", "{cb0045e5-d7c0-884a-5b8f-5a9d45e6ccd8}"
EndProject
Project("{FAE04EC0-301F-11D3-BF4B-00C04F79EFBC}") = "Unity.2D.Sprite.Editor", "Unity.2D.Sprite.Editor.csproj", "{0a99f25a-0184-f5f5-3155-c85ab8ac19c0}"
EndProject
Project("{FAE04EC0-301F-11D3-BF4B-00C04F79EFBC}") = "Unity.2D.Tilemap.Editor", "Unity.2D.Tilemap.Editor.csproj", "{4cb3515d-16c3-d6b4-c804-44c76f827e6e}"
EndProject
Project("{FAE04EC0-301F-11D3-BF4B-00C04F79EFBC}") = "Unity.2D.PixelPerfect.Editor", "Unity.2D.PixelPerfect.Editor.csproj", "{e2752ee5-5eae-767c-9f3b-50a13f5d085f}"
EndProject
Project("{FAE04EC0-301F-11D3-BF4B-00C04F79EFBC}") = "Unity.VSCode.Editor", "Unity.VSCode.Editor.csproj", "{a287dcd5-1e1b-4ced-531c-21527f8be77b}"
EndProject
Project("{FAE04EC0-301F-11D3-BF4B-00C04F79EFBC}") = "Unity.2D.Common.Editor", "Unity.2D.Common.Editor.csproj", "{a54f7eba-d2ea-d138-382e-983b4f5e3c58}"
EndProject
Project("{FAE04EC0-301F-11D3-BF4B-00C04F79EFBC}") = "Unity.Mathematics.Editor", "Unity.Mathematics.Editor.csproj", "{5d100081-6ef9-9750-94ce-bbbfa16c1f90}"
EndProject
Project("{FAE04EC0-301F-11D3-BF4B-00C04F79EFBC}") = "Unity.InternalAPIEditorBridge.001", "Unity.InternalAPIEditorBridge.001.csproj", "{77e12435-b42f-982d-f865-6a03f8839621}"
EndProject
Global
	GlobalSection(SolutionConfigurationPlatforms) = preSolution
		Debug|Any CPU = Debug|Any CPU
	EndGlobalSection
	GlobalSection(ProjectConfigurationPlatforms) = postSolution
		{c27f14c7-2927-a7a6-52f2-af60030a115d}.Debug|Any CPU.ActiveCfg = Debug|Any CPU
		{c27f14c7-2927-a7a6-52f2-af60030a115d}.Debug|Any CPU.Build.0 = Debug|Any CPU
		{4043ad25-8cea-3277-3c94-7eab941192f7}.Debug|Any CPU.ActiveCfg = Debug|Any CPU
		{4043ad25-8cea-3277-3c94-7eab941192f7}.Debug|Any CPU.Build.0 = Debug|Any CPU
		{2f597728-4e36-0fbe-7cbc-64279beb4280}.Debug|Any CPU.ActiveCfg = Debug|Any CPU
		{2f597728-4e36-0fbe-7cbc-64279beb4280}.Debug|Any CPU.Build.0 = Debug|Any CPU
		{9f2270e8-7e15-331f-ffbd-c9f7afb38616}.Debug|Any CPU.ActiveCfg = Debug|Any CPU
		{9f2270e8-7e15-331f-ffbd-c9f7afb38616}.Debug|Any CPU.Build.0 = Debug|Any CPU
		{082c86d6-1197-8d0d-1e6a-7a77955b145a}.Debug|Any CPU.ActiveCfg = Debug|Any CPU
		{082c86d6-1197-8d0d-1e6a-7a77955b145a}.Debug|Any CPU.Build.0 = Debug|Any CPU
		{cc8c92f4-609b-9d18-14cf-8a4ca8a5d626}.Debug|Any CPU.ActiveCfg = Debug|Any CPU
		{cc8c92f4-609b-9d18-14cf-8a4ca8a5d626}.Debug|Any CPU.Build.0 = Debug|Any CPU
		{43c405d4-acf1-4d51-fd55-c3bdca1f62f2}.Debug|Any CPU.ActiveCfg = Debug|Any CPU
		{43c405d4-acf1-4d51-fd55-c3bdca1f62f2}.Debug|Any CPU.Build.0 = Debug|Any CPU
		{76fb8657-d36e-2058-8e7d-2db6d4d4b8bd}.Debug|Any CPU.ActiveCfg = Debug|Any CPU
		{76fb8657-d36e-2058-8e7d-2db6d4d4b8bd}.Debug|Any CPU.Build.0 = Debug|Any CPU
		{8083402a-beb4-14be-67e8-4aa240a300ce}.Debug|Any CPU.ActiveCfg = Debug|Any CPU
		{8083402a-beb4-14be-67e8-4aa240a300ce}.Debug|Any CPU.Build.0 = Debug|Any CPU
		{6c660c3d-d918-1435-b3b9-65766bbe08e2}.Debug|Any CPU.ActiveCfg = Debug|Any CPU
		{6c660c3d-d918-1435-b3b9-65766bbe08e2}.Debug|Any CPU.Build.0 = Debug|Any CPU
		{67c02e0f-f2df-cbb8-edeb-bde941094aef}.Debug|Any CPU.ActiveCfg = Debug|Any CPU
		{67c02e0f-f2df-cbb8-edeb-bde941094aef}.Debug|Any CPU.Build.0 = Debug|Any CPU
		{af9f00f4-f4d8-d2bb-b121-a6c833ee145f}.Debug|Any CPU.ActiveCfg = Debug|Any CPU
		{af9f00f4-f4d8-d2bb-b121-a6c833ee145f}.Debug|Any CPU.Build.0 = Debug|Any CPU
		{944b9c73-1d13-33c0-1729-9c564365c4e4}.Debug|Any CPU.ActiveCfg = Debug|Any CPU
		{944b9c73-1d13-33c0-1729-9c564365c4e4}.Debug|Any CPU.Build.0 = Debug|Any CPU
		{d334e4cd-a837-7f71-0a6b-7491b9c64e2c}.Debug|Any CPU.ActiveCfg = Debug|Any CPU
		{d334e4cd-a837-7f71-0a6b-7491b9c64e2c}.Debug|Any CPU.Build.0 = Debug|Any CPU
		{5d0bdcac-eb58-77f3-268e-dd4566d28144}.Debug|Any CPU.ActiveCfg = Debug|Any CPU
		{5d0bdcac-eb58-77f3-268e-dd4566d28144}.Debug|Any CPU.Build.0 = Debug|Any CPU
		{aca6be9a-9fb5-4963-0aa1-770e05808f79}.Debug|Any CPU.ActiveCfg = Debug|Any CPU
		{aca6be9a-9fb5-4963-0aa1-770e05808f79}.Debug|Any CPU.Build.0 = Debug|Any CPU
		{b368e53e-5d06-9b3b-3a10-03fb519314de}.Debug|Any CPU.ActiveCfg = Debug|Any CPU
		{b368e53e-5d06-9b3b-3a10-03fb519314de}.Debug|Any CPU.Build.0 = Debug|Any CPU
		{e5b9ccfc-2772-67f8-337c-afb016f6266d}.Debug|Any CPU.ActiveCfg = Debug|Any CPU
		{e5b9ccfc-2772-67f8-337c-afb016f6266d}.Debug|Any CPU.Build.0 = Debug|Any CPU
		{353e8572-e8ed-fea3-4937-c66031a69bbe}.Debug|Any CPU.ActiveCfg = Debug|Any CPU
		{353e8572-e8ed-fea3-4937-c66031a69bbe}.Debug|Any CPU.Build.0 = Debug|Any CPU
		{5304a41d-9383-d220-cee1-48e8c7c4ba4c}.Debug|Any CPU.ActiveCfg = Debug|Any CPU
		{5304a41d-9383-d220-cee1-48e8c7c4ba4c}.Debug|Any CPU.Build.0 = Debug|Any CPU
		{6875964b-4153-56cd-a7dd-2b4bb539cb73}.Debug|Any CPU.ActiveCfg = Debug|Any CPU
		{6875964b-4153-56cd-a7dd-2b4bb539cb73}.Debug|Any CPU.Build.0 = Debug|Any CPU
		{e689c2cb-83f8-c91a-40f0-21dc2926c452}.Debug|Any CPU.ActiveCfg = Debug|Any CPU
		{e689c2cb-83f8-c91a-40f0-21dc2926c452}.Debug|Any CPU.Build.0 = Debug|Any CPU
		{b19a3853-638e-6b3f-118a-619b91233c7f}.Debug|Any CPU.ActiveCfg = Debug|Any CPU
		{b19a3853-638e-6b3f-118a-619b91233c7f}.Debug|Any CPU.Build.0 = Debug|Any CPU
		{29de654f-00a7-9593-e55f-803e19bafb8a}.Debug|Any CPU.ActiveCfg = Debug|Any CPU
		{29de654f-00a7-9593-e55f-803e19bafb8a}.Debug|Any CPU.Build.0 = Debug|Any CPU
		{59c249cb-8576-06ae-52b0-0cc47a2e5bf4}.Debug|Any CPU.ActiveCfg = Debug|Any CPU
		{59c249cb-8576-06ae-52b0-0cc47a2e5bf4}.Debug|Any CPU.Build.0 = Debug|Any CPU
		{caed0ea4-ec26-c3c8-fe0d-d73820a3eb1b}.Debug|Any CPU.ActiveCfg = Debug|Any CPU
		{caed0ea4-ec26-c3c8-fe0d-d73820a3eb1b}.Debug|Any CPU.Build.0 = Debug|Any CPU
		{cb0045e5-d7c0-884a-5b8f-5a9d45e6ccd8}.Debug|Any CPU.ActiveCfg = Debug|Any CPU
		{cb0045e5-d7c0-884a-5b8f-5a9d45e6ccd8}.Debug|Any CPU.Build.0 = Debug|Any CPU
		{0a99f25a-0184-f5f5-3155-c85ab8ac19c0}.Debug|Any CPU.ActiveCfg = Debug|Any CPU
		{0a99f25a-0184-f5f5-3155-c85ab8ac19c0}.Debug|Any CPU.Build.0 = Debug|Any CPU
		{4cb3515d-16c3-d6b4-c804-44c76f827e6e}.Debug|Any CPU.ActiveCfg = Debug|Any CPU
		{4cb3515d-16c3-d6b4-c804-44c76f827e6e}.Debug|Any CPU.Build.0 = Debug|Any CPU
		{e2752ee5-5eae-767c-9f3b-50a13f5d085f}.Debug|Any CPU.ActiveCfg = Debug|Any CPU
		{e2752ee5-5eae-767c-9f3b-50a13f5d085f}.Debug|Any CPU.Build.0 = Debug|Any CPU
		{a287dcd5-1e1b-4ced-531c-21527f8be77b}.Debug|Any CPU.ActiveCfg = Debug|Any CPU
		{a287dcd5-1e1b-4ced-531c-21527f8be77b}.Debug|Any CPU.Build.0 = Debug|Any CPU
		{a54f7eba-d2ea-d138-382e-983b4f5e3c58}.Debug|Any CPU.ActiveCfg = Debug|Any CPU
		{a54f7eba-d2ea-d138-382e-983b4f5e3c58}.Debug|Any CPU.Build.0 = Debug|Any CPU
		{5d100081-6ef9-9750-94ce-bbbfa16c1f90}.Debug|Any CPU.ActiveCfg = Debug|Any CPU
		{5d100081-6ef9-9750-94ce-bbbfa16c1f90}.Debug|Any CPU.Build.0 = Debug|Any CPU
		{77e12435-b42f-982d-f865-6a03f8839621}.Debug|Any CPU.ActiveCfg = Debug|Any CPU
		{77e12435-b42f-982d-f865-6a03f8839621}.Debug|Any CPU.Build.0 = Debug|Any CPU
	EndGlobalSection
	GlobalSection(SolutionProperties) = preSolution
		HideSolutionNode = FALSE
	EndGlobalSection
EndGlobal
